
Microsoft Visual Studio Solution File, Format Version 12.00
# Visual Studio 15
VisualStudioVersion = 15.0.26124.0
MinimumVisualStudioVersion = 15.0.26124.0
Project("{2150E333-8FDC-42A3-9474-1A3956D46DE8}") = "Code", "Code", "{AB5DDADD-A0F4-4169-BEDB-9A413595B4BE}"
EndProject
Project("{FAE04EC0-301F-11D3-BF4B-00C04F79EFBC}") = "dotnetmongo.Api", "Code\dotnetmongo.Api\dotnetmongo.Api.csproj", "{2206122B-5C40-4CF0-AE17-DE76CE5DDD64}"
EndProject
Project("{FAE04EC0-301F-11D3-BF4B-00C04F79EFBC}") = "dotnetmongo.BusinessEntities", "Code\dotnetmongo.BusinessEntities\dotnetmongo.BusinessEntities.csproj", "{3D9F3429-4725-438C-84F6-54D6D2EAEB6E}"
EndProject
Project("{FAE04EC0-301F-11D3-BF4B-00C04F79EFBC}") = "dotnetmongo.BusinessServices", "Code\dotnetmongo.BusinessServices\dotnetmongo.BusinessServices.csproj", "{3D2F45D9-99C8-4C87-862C-5880B8D31B4F}"
EndProject
Project("{FAE04EC0-301F-11D3-BF4B-00C04F79EFBC}") = "dotnetmongo.Contracts", "Code\dotnetmongo.Contracts\dotnetmongo.Contracts.csproj", "{9E06C714-EA4C-46E7-8E88-CFA03F33CF6F}"
EndProject
Project("{FAE04EC0-301F-11D3-BF4B-00C04F79EFBC}") = "dotnetmongo.Data", "Code\dotnetmongo.Data\dotnetmongo.Data.csproj", "{C5DE1790-ABAC-485D-A504-C72B484DB420}"
EndProject
Project("{FAE04EC0-301F-11D3-BF4B-00C04F79EFBC}") = "dotnetmongo.Test.Api", "Code\dotnetmongo.Test.Api\dotnetmongo.Test.Api.csproj", "{77B97E73-06AA-410A-AC19-8E3151897826}"
EndProject
Project("{FAE04EC0-301F-11D3-BF4B-00C04F79EFBC}") = "dotnetmongo.Test.Business", "Code\dotnetmongo.Test.Business\dotnetmongo.Test.Business.csproj", "{C3EA5802-0384-4C38-BF57-1F98214D8A9F}"
EndProject
Project("{FAE04EC0-301F-11D3-BF4B-00C04F79EFBC}") = "dotnetmongo.Test.Framework", "Code\dotnetmongo.Test.Framework\dotnetmongo.Test.Framework.csproj", "{1791F689-D5E3-4B46-B070-A48F9B5477B9}"
EndProject
Project("{2150E333-8FDC-42A3-9474-1A3956D46DE8}") = "Test", "Test", "{F2009B44-0870-44B4-86B3-A01360C5BC77}"
EndProject
Global
	GlobalSection(SolutionConfigurationPlatforms) = preSolution
		Debug|Any CPU = Debug|Any CPU
		Debug|x64 = Debug|x64
		Debug|x86 = Debug|x86
		Release|Any CPU = Release|Any CPU
		Release|x64 = Release|x64
		Release|x86 = Release|x86
	EndGlobalSection
	GlobalSection(SolutionProperties) = preSolution
		HideSolutionNode = FALSE
	EndGlobalSection
	GlobalSection(ProjectConfigurationPlatforms) = postSolution
		{2206122B-5C40-4CF0-AE17-DE76CE5DDD64}.Debug|Any CPU.ActiveCfg = Debug|Any CPU
		{2206122B-5C40-4CF0-AE17-DE76CE5DDD64}.Debug|Any CPU.Build.0 = Debug|Any CPU
		{2206122B-5C40-4CF0-AE17-DE76CE5DDD64}.Debug|x64.ActiveCfg = Debug|Any CPU
		{2206122B-5C40-4CF0-AE17-DE76CE5DDD64}.Debug|x64.Build.0 = Debug|Any CPU
		{2206122B-5C40-4CF0-AE17-DE76CE5DDD64}.Debug|x86.ActiveCfg = Debug|Any CPU
		{2206122B-5C40-4CF0-AE17-DE76CE5DDD64}.Debug|x86.Build.0 = Debug|Any CPU
		{2206122B-5C40-4CF0-AE17-DE76CE5DDD64}.Release|Any CPU.ActiveCfg = Release|Any CPU
		{2206122B-5C40-4CF0-AE17-DE76CE5DDD64}.Release|Any CPU.Build.0 = Release|Any CPU
		{2206122B-5C40-4CF0-AE17-DE76CE5DDD64}.Release|x64.ActiveCfg = Release|Any CPU
		{2206122B-5C40-4CF0-AE17-DE76CE5DDD64}.Release|x64.Build.0 = Release|Any CPU
		{2206122B-5C40-4CF0-AE17-DE76CE5DDD64}.Release|x86.ActiveCfg = Release|Any CPU
		{2206122B-5C40-4CF0-AE17-DE76CE5DDD64}.Release|x86.Build.0 = Release|Any CPU
		{3D9F3429-4725-438C-84F6-54D6D2EAEB6E}.Debug|Any CPU.ActiveCfg = Debug|Any CPU
		{3D9F3429-4725-438C-84F6-54D6D2EAEB6E}.Debug|Any CPU.Build.0 = Debug|Any CPU
		{3D9F3429-4725-438C-84F6-54D6D2EAEB6E}.Debug|x64.ActiveCfg = Debug|Any CPU
		{3D9F3429-4725-438C-84F6-54D6D2EAEB6E}.Debug|x64.Build.0 = Debug|Any CPU
		{3D9F3429-4725-438C-84F6-54D6D2EAEB6E}.Debug|x86.ActiveCfg = Debug|Any CPU
		{3D9F3429-4725-438C-84F6-54D6D2EAEB6E}.Debug|x86.Build.0 = Debug|Any CPU
		{3D9F3429-4725-438C-84F6-54D6D2EAEB6E}.Release|Any CPU.ActiveCfg = Release|Any CPU
		{3D9F3429-4725-438C-84F6-54D6D2EAEB6E}.Release|Any CPU.Build.0 = Release|Any CPU
		{3D9F3429-4725-438C-84F6-54D6D2EAEB6E}.Release|x64.ActiveCfg = Release|Any CPU
		{3D9F3429-4725-438C-84F6-54D6D2EAEB6E}.Release|x64.Build.0 = Release|Any CPU
		{3D9F3429-4725-438C-84F6-54D6D2EAEB6E}.Release|x86.ActiveCfg = Release|Any CPU
		{3D9F3429-4725-438C-84F6-54D6D2EAEB6E}.Release|x86.Build.0 = Release|Any CPU
		{3D2F45D9-99C8-4C87-862C-5880B8D31B4F}.Debug|Any CPU.ActiveCfg = Debug|Any CPU
		{3D2F45D9-99C8-4C87-862C-5880B8D31B4F}.Debug|Any CPU.Build.0 = Debug|Any CPU
		{3D2F45D9-99C8-4C87-862C-5880B8D31B4F}.Debug|x64.ActiveCfg = Debug|Any CPU
		{3D2F45D9-99C8-4C87-862C-5880B8D31B4F}.Debug|x64.Build.0 = Debug|Any CPU
		{3D2F45D9-99C8-4C87-862C-5880B8D31B4F}.Debug|x86.ActiveCfg = Debug|Any CPU
		{3D2F45D9-99C8-4C87-862C-5880B8D31B4F}.Debug|x86.Build.0 = Debug|Any CPU
		{3D2F45D9-99C8-4C87-862C-5880B8D31B4F}.Release|Any CPU.ActiveCfg = Release|Any CPU
		{3D2F45D9-99C8-4C87-862C-5880B8D31B4F}.Release|Any CPU.Build.0 = Release|Any CPU
		{3D2F45D9-99C8-4C87-862C-5880B8D31B4F}.Release|x64.ActiveCfg = Release|Any CPU
		{3D2F45D9-99C8-4C87-862C-5880B8D31B4F}.Release|x64.Build.0 = Release|Any CPU
		{3D2F45D9-99C8-4C87-862C-5880B8D31B4F}.Release|x86.ActiveCfg = Release|Any CPU
		{3D2F45D9-99C8-4C87-862C-5880B8D31B4F}.Release|x86.Build.0 = Release|Any CPU
		{9E06C714-EA4C-46E7-8E88-CFA03F33CF6F}.Debug|Any CPU.ActiveCfg = Debug|Any CPU
		{9E06C714-EA4C-46E7-8E88-CFA03F33CF6F}.Debug|Any CPU.Build.0 = Debug|Any CPU
		{9E06C714-EA4C-46E7-8E88-CFA03F33CF6F}.Debug|x64.ActiveCfg = Debug|Any CPU
		{9E06C714-EA4C-46E7-8E88-CFA03F33CF6F}.Debug|x64.Build.0 = Debug|Any CPU
		{9E06C714-EA4C-46E7-8E88-CFA03F33CF6F}.Debug|x86.ActiveCfg = Debug|Any CPU
		{9E06C714-EA4C-46E7-8E88-CFA03F33CF6F}.Debug|x86.Build.0 = Debug|Any CPU
		{9E06C714-EA4C-46E7-8E88-CFA03F33CF6F}.Release|Any CPU.ActiveCfg = Release|Any CPU
		{9E06C714-EA4C-46E7-8E88-CFA03F33CF6F}.Release|Any CPU.Build.0 = Release|Any CPU
		{9E06C714-EA4C-46E7-8E88-CFA03F33CF6F}.Release|x64.ActiveCfg = Release|Any CPU
		{9E06C714-EA4C-46E7-8E88-CFA03F33CF6F}.Release|x64.Build.0 = Release|Any CPU
		{9E06C714-EA4C-46E7-8E88-CFA03F33CF6F}.Release|x86.ActiveCfg = Release|Any CPU
		{9E06C714-EA4C-46E7-8E88-CFA03F33CF6F}.Release|x86.Build.0 = Release|Any CPU
		{C5DE1790-ABAC-485D-A504-C72B484DB420}.Debug|Any CPU.ActiveCfg = Debug|Any CPU
		{C5DE1790-ABAC-485D-A504-C72B484DB420}.Debug|Any CPU.Build.0 = Debug|Any CPU
		{C5DE1790-ABAC-485D-A504-C72B484DB420}.Debug|x64.ActiveCfg = Debug|Any CPU
		{C5DE1790-ABAC-485D-A504-C72B484DB420}.Debug|x64.Build.0 = Debug|Any CPU
		{C5DE1790-ABAC-485D-A504-C72B484DB420}.Debug|x86.ActiveCfg = Debug|Any CPU
		{C5DE1790-ABAC-485D-A504-C72B484DB420}.Debug|x86.Build.0 = Debug|Any CPU
		{C5DE1790-ABAC-485D-A504-C72B484DB420}.Release|Any CPU.ActiveCfg = Release|Any CPU
		{C5DE1790-ABAC-485D-A504-C72B484DB420}.Release|Any CPU.Build.0 = Release|Any CPU
		{C5DE1790-ABAC-485D-A504-C72B484DB420}.Release|x64.ActiveCfg = Release|Any CPU
		{C5DE1790-ABAC-485D-A504-C72B484DB420}.Release|x64.Build.0 = Release|Any CPU
		{C5DE1790-ABAC-485D-A504-C72B484DB420}.Release|x86.ActiveCfg = Release|Any CPU
		{C5DE1790-ABAC-485D-A504-C72B484DB420}.Release|x86.Build.0 = Release|Any CPU
		{77B97E73-06AA-410A-AC19-8E3151897826}.Debug|Any CPU.ActiveCfg = Debug|Any CPU
		{77B97E73-06AA-410A-AC19-8E3151897826}.Debug|Any CPU.Build.0 = Debug|Any CPU
		{77B97E73-06AA-410A-AC19-8E3151897826}.Debug|x64.ActiveCfg = Debug|Any CPU
		{77B97E73-06AA-410A-AC19-8E3151897826}.Debug|x64.Build.0 = Debug|Any CPU
		{77B97E73-06AA-410A-AC19-8E3151897826}.Debug|x86.ActiveCfg = Debug|Any CPU
		{77B97E73-06AA-410A-AC19-8E3151897826}.Debug|x86.Build.0 = Debug|Any CPU
		{77B97E73-06AA-410A-AC19-8E3151897826}.Release|Any CPU.ActiveCfg = Release|Any CPU
		{77B97E73-06AA-410A-AC19-8E3151897826}.Release|Any CPU.Build.0 = Release|Any CPU
		{77B97E73-06AA-410A-AC19-8E3151897826}.Release|x64.ActiveCfg = Release|Any CPU
		{77B97E73-06AA-410A-AC19-8E3151897826}.Release|x64.Build.0 = Release|Any CPU
		{77B97E73-06AA-410A-AC19-8E3151897826}.Release|x86.ActiveCfg = Release|Any CPU
		{77B97E73-06AA-410A-AC19-8E3151897826}.Release|x86.Build.0 = Release|Any CPU
		{C3EA5802-0384-4C38-BF57-1F98214D8A9F}.Debug|Any CPU.ActiveCfg = Debug|Any CPU
		{C3EA5802-0384-4C38-BF57-1F98214D8A9F}.Debug|Any CPU.Build.0 = Debug|Any CPU
		{C3EA5802-0384-4C38-BF57-1F98214D8A9F}.Debug|x64.ActiveCfg = Debug|Any CPU
		{C3EA5802-0384-4C38-BF57-1F98214D8A9F}.Debug|x64.Build.0 = Debug|Any CPU
		{C3EA5802-0384-4C38-BF57-1F98214D8A9F}.Debug|x86.ActiveCfg = Debug|Any CPU
		{C3EA5802-0384-4C38-BF57-1F98214D8A9F}.Debug|x86.Build.0 = Debug|Any CPU
		{C3EA5802-0384-4C38-BF57-1F98214D8A9F}.Release|Any CPU.ActiveCfg = Release|Any CPU
		{C3EA5802-0384-4C38-BF57-1F98214D8A9F}.Release|Any CPU.Build.0 = Release|Any CPU
		{C3EA5802-0384-4C38-BF57-1F98214D8A9F}.Release|x64.ActiveCfg = Release|Any CPU
		{C3EA5802-0384-4C38-BF57-1F98214D8A9F}.Release|x64.Build.0 = Release|Any CPU
		{C3EA5802-0384-4C38-BF57-1F98214D8A9F}.Release|x86.ActiveCfg = Release|Any CPU
		{C3EA5802-0384-4C38-BF57-1F98214D8A9F}.Release|x86.Build.0 = Release|Any CPU
		{1791F689-D5E3-4B46-B070-A48F9B5477B9}.Debug|Any CPU.ActiveCfg = Debug|Any CPU
		{1791F689-D5E3-4B46-B070-A48F9B5477B9}.Debug|Any CPU.Build.0 = Debug|Any CPU
		{1791F689-D5E3-4B46-B070-A48F9B5477B9}.Debug|x64.ActiveCfg = Debug|Any CPU
		{1791F689-D5E3-4B46-B070-A48F9B5477B9}.Debug|x64.Build.0 = Debug|Any CPU
		{1791F689-D5E3-4B46-B070-A48F9B5477B9}.Debug|x86.ActiveCfg = Debug|Any CPU
		{1791F689-D5E3-4B46-B070-A48F9B5477B9}.Debug|x86.Build.0 = Debug|Any CPU
		{1791F689-D5E3-4B46-B070-A48F9B5477B9}.Release|Any CPU.ActiveCfg = Release|Any CPU
		{1791F689-D5E3-4B46-B070-A48F9B5477B9}.Release|Any CPU.Build.0 = Release|Any CPU
		{1791F689-D5E3-4B46-B070-A48F9B5477B9}.Release|x64.ActiveCfg = Release|Any CPU
		{1791F689-D5E3-4B46-B070-A48F9B5477B9}.Release|x64.Build.0 = Release|Any CPU
		{1791F689-D5E3-4B46-B070-A48F9B5477B9}.Release|x86.ActiveCfg = Release|Any CPU
		{1791F689-D5E3-4B46-B070-A48F9B5477B9}.Release|x86.Build.0 = Release|Any CPU
	EndGlobalSection
	GlobalSection(NestedProjects) = preSolution
		{2206122B-5C40-4CF0-AE17-DE76CE5DDD64} = {AB5DDADD-A0F4-4169-BEDB-9A413595B4BE}
		{3D9F3429-4725-438C-84F6-54D6D2EAEB6E} = {AB5DDADD-A0F4-4169-BEDB-9A413595B4BE}
		{3D2F45D9-99C8-4C87-862C-5880B8D31B4F} = {AB5DDADD-A0F4-4169-BEDB-9A413595B4BE}
		{9E06C714-EA4C-46E7-8E88-CFA03F33CF6F} = {AB5DDADD-A0F4-4169-BEDB-9A413595B4BE}
		{C5DE1790-ABAC-485D-A504-C72B484DB420} = {AB5DDADD-A0F4-4169-BEDB-9A413595B4BE}
		{77B97E73-06AA-410A-AC19-8E3151897826} = {F2009B44-0870-44B4-86B3-A01360C5BC77}
		{C3EA5802-0384-4C38-BF57-1F98214D8A9F} = {F2009B44-0870-44B4-86B3-A01360C5BC77}
		{1791F689-D5E3-4B46-B070-A48F9B5477B9} = {F2009B44-0870-44B4-86B3-A01360C5BC77}
	EndGlobalSection
EndGlobal
